// !$*UTF8*$!
{
	archiveVersion = 1;
	classes = {
	};
	objectVersion = 46;
	objects = {

/* Begin PBXBuildFile section */
		82B529D11BF0C02B00889990 /* main.m in Sources */ = {isa = PBXBuildFile; fileRef = 82B529D01BF0C02B00889990 /* main.m */; };
		82B529DC1BF0C02B00889990 /* Assets.xcassets in Resources */ = {isa = PBXBuildFile; fileRef = 82B529DB1BF0C02B00889990 /* Assets.xcassets */; };
		82B529DF1BF0C02B00889990 /* LaunchScreen.storyboard in Resources */ = {isa = PBXBuildFile; fileRef = 82B529DD1BF0C02B00889990 /* LaunchScreen.storyboard */; };
		82B529F01BF0C09A00889990 /* ICSSMExampleAppDelegate.m in Sources */ = {isa = PBXBuildFile; fileRef = 82B529E71BF0C09A00889990 /* ICSSMExampleAppDelegate.m */; };
		82B529F11BF0C09A00889990 /* ICSSMExampleImageCell.m in Sources */ = {isa = PBXBuildFile; fileRef = 82B529E91BF0C09A00889990 /* ICSSMExampleImageCell.m */; };
		82B529F21BF0C09A00889990 /* ICSSMExampleResizableImageCell.m in Sources */ = {isa = PBXBuildFile; fileRef = 82B529EB1BF0C09A00889990 /* ICSSMExampleResizableImageCell.m */; };
		82B529F31BF0C09A00889990 /* ICSSMExampleViewCell.m in Sources */ = {isa = PBXBuildFile; fileRef = 82B529ED1BF0C09A00889990 /* ICSSMExampleViewCell.m */; };
		82B529F41BF0C09A00889990 /* ICSSMExampleViewController.m in Sources */ = {isa = PBXBuildFile; fileRef = 82B529EF1BF0C09A00889990 /* ICSSMExampleViewController.m */; };
		82B529F81BF0C0E700889990 /* ABOUT EXAMPLE IMAGES.txt in Resources */ = {isa = PBXBuildFile; fileRef = 82B529F51BF0C0E700889990 /* ABOUT EXAMPLE IMAGES.txt */; };
		82B529F91BF0C0E700889990 /* Example.style in Resources */ = {isa = PBXBuildFile; fileRef = 82B529F61BF0C0E700889990 /* Example.style */; };
		82B529FA1BF0C0E700889990 /* Override-Example.style in Resources */ = {isa = PBXBuildFile; fileRef = 82B529F71BF0C0E700889990 /* Override-Example.style */; };
		82B52A011BF0C1AD00889990 /* ICSStyleManager.m in Sources */ = {isa = PBXBuildFile; fileRef = 82B52A001BF0C1AD00889990 /* ICSStyleManager.m */; };
		82B52A081BF0C1C000889990 /* NSRegularExpression+ICSRegEx.m in Sources */ = {isa = PBXBuildFile; fileRef = 82B52A051BF0C1C000889990 /* NSRegularExpression+ICSRegEx.m */; };
		82B52A091BF0C1C000889990 /* UIColor+ICSRGB.m in Sources */ = {isa = PBXBuildFile; fileRef = 82B52A071BF0C1C000889990 /* UIColor+ICSRGB.m */; };
		82B52ABB1BF0C1FD00889990 /* _DDDecimalFunctions.m in Sources */ = {isa = PBXBuildFile; fileRef = 82B52A8A1BF0C1FD00889990 /* _DDDecimalFunctions.m */; };
		82B52ABC1BF0C1FD00889990 /* _DDFunctionEvaluator.m in Sources */ = {isa = PBXBuildFile; fileRef = 82B52A8C1BF0C1FD00889990 /* _DDFunctionEvaluator.m */; };
		82B52ABD1BF0C1FD00889990 /* _DDFunctionExpression.m in Sources */ = {isa = PBXBuildFile; fileRef = 82B52A8E1BF0C1FD00889990 /* _DDFunctionExpression.m */; };
		82B52ABE1BF0C1FD00889990 /* _DDFunctionTerm.m in Sources */ = {isa = PBXBuildFile; fileRef = 82B52A901BF0C1FD00889990 /* _DDFunctionTerm.m */; };
		82B52ABF1BF0C1FD00889990 /* _DDGroupTerm.m in Sources */ = {isa = PBXBuildFile; fileRef = 82B52A921BF0C1FD00889990 /* _DDGroupTerm.m */; };
		82B52AC01BF0C1FD00889990 /* _DDNumberExpression.m in Sources */ = {isa = PBXBuildFile; fileRef = 82B52A941BF0C1FD00889990 /* _DDNumberExpression.m */; };
		82B52AC11BF0C1FD00889990 /* _DDNumberTerm.m in Sources */ = {isa = PBXBuildFile; fileRef = 82B52A961BF0C1FD00889990 /* _DDNumberTerm.m */; };
		82B52AC21BF0C1FD00889990 /* _DDOperatorTerm.m in Sources */ = {isa = PBXBuildFile; fileRef = 82B52A981BF0C1FD00889990 /* _DDOperatorTerm.m */; };
		82B52AC31BF0C1FD00889990 /* _DDParserTerm.m in Sources */ = {isa = PBXBuildFile; fileRef = 82B52A9A1BF0C1FD00889990 /* _DDParserTerm.m */; };
		82B52AC41BF0C1FD00889990 /* _DDPrecisionFunctionEvaluator.m in Sources */ = {isa = PBXBuildFile; fileRef = 82B52A9C1BF0C1FD00889990 /* _DDPrecisionFunctionEvaluator.m */; };
		82B52AC51BF0C1FD00889990 /* _DDRewriteRule.m in Sources */ = {isa = PBXBuildFile; fileRef = 82B52A9E1BF0C1FD00889990 /* _DDRewriteRule.m */; };
		82B52AC61BF0C1FD00889990 /* _DDVariableExpression.m in Sources */ = {isa = PBXBuildFile; fileRef = 82B52AA01BF0C1FD00889990 /* _DDVariableExpression.m */; };
		82B52AC71BF0C1FD00889990 /* _DDVariableTerm.m in Sources */ = {isa = PBXBuildFile; fileRef = 82B52AA21BF0C1FD00889990 /* _DDVariableTerm.m */; };
		82B52AC81BF0C1FD00889990 /* DDExpression.m in Sources */ = {isa = PBXBuildFile; fileRef = 82B52AA41BF0C1FD00889990 /* DDExpression.m */; };
		82B52AC91BF0C1FD00889990 /* DDExpressionRewriter.m in Sources */ = {isa = PBXBuildFile; fileRef = 82B52AA61BF0C1FD00889990 /* DDExpressionRewriter.m */; };
		82B52ACA1BF0C1FD00889990 /* DDMathEvaluator.m in Sources */ = {isa = PBXBuildFile; fileRef = 82B52AA91BF0C1FD00889990 /* DDMathEvaluator.m */; };
		82B52ACB1BF0C1FD00889990 /* DDMathOperator.m in Sources */ = {isa = PBXBuildFile; fileRef = 82B52AAB1BF0C1FD00889990 /* DDMathOperator.m */; };
		82B52ACC1BF0C1FD00889990 /* DDMathStringToken.m in Sources */ = {isa = PBXBuildFile; fileRef = 82B52AB01BF0C1FD00889990 /* DDMathStringToken.m */; };
		82B52ACD1BF0C1FD00889990 /* DDMathStringTokenizer.m in Sources */ = {isa = PBXBuildFile; fileRef = 82B52AB21BF0C1FD00889990 /* DDMathStringTokenizer.m */; };
		82B52ACE1BF0C1FD00889990 /* DDParser.m in Sources */ = {isa = PBXBuildFile; fileRef = 82B52AB41BF0C1FD00889990 /* DDParser.m */; };
		82B52ACF1BF0C1FD00889990 /* DDParserTypes.m in Sources */ = {isa = PBXBuildFile; fileRef = 82B52AB61BF0C1FD00889990 /* DDParserTypes.m */; };
		82B52AD01BF0C1FD00889990 /* DDTypes.m in Sources */ = {isa = PBXBuildFile; fileRef = 82B52AB81BF0C1FD00889990 /* DDTypes.m */; };
		82B52AD11BF0C1FD00889990 /* NSString+DDMathParsing.m in Sources */ = {isa = PBXBuildFile; fileRef = 82B52ABA1BF0C1FD00889990 /* NSString+DDMathParsing.m */; };
/* End PBXBuildFile section */

/* Begin PBXFileReference section */
		82B529CC1BF0C02B00889990 /* ICSStyleManagerExample.app */ = {isa = PBXFileReference; explicitFileType = wrapper.application; includeInIndex = 0; path = ICSStyleManagerExample.app; sourceTree = BUILT_PRODUCTS_DIR; };
		82B529D01BF0C02B00889990 /* main.m */ = {isa = PBXFileReference; lastKnownFileType = sourcecode.c.objc; path = main.m; sourceTree = "<group>"; };
		82B529DB1BF0C02B00889990 /* Assets.xcassets */ = {isa = PBXFileReference; lastKnownFileType = folder.assetcatalog; path = Assets.xcassets; sourceTree = "<group>"; };
		82B529DE1BF0C02B00889990 /* Base */ = {isa = PBXFileReference; lastKnownFileType = file.storyboard; name = Base; path = Base.lproj/LaunchScreen.storyboard; sourceTree = "<group>"; };
		82B529E01BF0C02B00889990 /* Info.plist */ = {isa = PBXFileReference; lastKnownFileType = text.plist.xml; path = Info.plist; sourceTree = "<group>"; };
		82B529E61BF0C09A00889990 /* ICSSMExampleAppDelegate.h */ = {isa = PBXFileReference; fileEncoding = 4; lastKnownFileType = sourcecode.c.h; path = ICSSMExampleAppDelegate.h; sourceTree = "<group>"; };
		82B529E71BF0C09A00889990 /* ICSSMExampleAppDelegate.m */ = {isa = PBXFileReference; fileEncoding = 4; lastKnownFileType = sourcecode.c.objc; path = ICSSMExampleAppDelegate.m; sourceTree = "<group>"; };
		82B529E81BF0C09A00889990 /* ICSSMExampleImageCell.h */ = {isa = PBXFileReference; fileEncoding = 4; lastKnownFileType = sourcecode.c.h; path = ICSSMExampleImageCell.h; sourceTree = "<group>"; };
		82B529E91BF0C09A00889990 /* ICSSMExampleImageCell.m */ = {isa = PBXFileReference; fileEncoding = 4; lastKnownFileType = sourcecode.c.objc; path = ICSSMExampleImageCell.m; sourceTree = "<group>"; };
		82B529EA1BF0C09A00889990 /* ICSSMExampleResizableImageCell.h */ = {isa = PBXFileReference; fileEncoding = 4; lastKnownFileType = sourcecode.c.h; path = ICSSMExampleResizableImageCell.h; sourceTree = "<group>"; };
		82B529EB1BF0C09A00889990 /* ICSSMExampleResizableImageCell.m */ = {isa = PBXFileReference; fileEncoding = 4; lastKnownFileType = sourcecode.c.objc; path = ICSSMExampleResizableImageCell.m; sourceTree = "<group>"; };
		82B529EC1BF0C09A00889990 /* ICSSMExampleViewCell.h */ = {isa = PBXFileReference; fileEncoding = 4; lastKnownFileType = sourcecode.c.h; path = ICSSMExampleViewCell.h; sourceTree = "<group>"; };
		82B529ED1BF0C09A00889990 /* ICSSMExampleViewCell.m */ = {isa = PBXFileReference; fileEncoding = 4; lastKnownFileType = sourcecode.c.objc; path = ICSSMExampleViewCell.m; sourceTree = "<group>"; };
		82B529EE1BF0C09A00889990 /* ICSSMExampleViewController.h */ = {isa = PBXFileReference; fileEncoding = 4; lastKnownFileType = sourcecode.c.h; path = ICSSMExampleViewController.h; sourceTree = "<group>"; };
		82B529EF1BF0C09A00889990 /* ICSSMExampleViewController.m */ = {isa = PBXFileReference; fileEncoding = 4; lastKnownFileType = sourcecode.c.objc; path = ICSSMExampleViewController.m; sourceTree = "<group>"; };
		82B529F51BF0C0E700889990 /* ABOUT EXAMPLE IMAGES.txt */ = {isa = PBXFileReference; fileEncoding = 4; lastKnownFileType = text; path = "ABOUT EXAMPLE IMAGES.txt"; sourceTree = "<group>"; };
		82B529F61BF0C0E700889990 /* Example.style */ = {isa = PBXFileReference; fileEncoding = 4; lastKnownFileType = text; path = Example.style; sourceTree = "<group>"; };
		82B529F71BF0C0E700889990 /* Override-Example.style */ = {isa = PBXFileReference; fileEncoding = 4; lastKnownFileType = text; path = "Override-Example.style"; sourceTree = "<group>"; };
		82B529FF1BF0C1AD00889990 /* ICSStyleManager.h */ = {isa = PBXFileReference; fileEncoding = 4; lastKnownFileType = sourcecode.c.h; name = ICSStyleManager.h; path = ../../Source/ICSStyleManager.h; sourceTree = "<group>"; };
		82B52A001BF0C1AD00889990 /* ICSStyleManager.m */ = {isa = PBXFileReference; fileEncoding = 4; lastKnownFileType = sourcecode.c.objc; name = ICSStyleManager.m; path = ../../Source/ICSStyleManager.m; sourceTree = "<group>"; };
		82B52A041BF0C1C000889990 /* NSRegularExpression+ICSRegEx.h */ = {isa = PBXFileReference; fileEncoding = 4; lastKnownFileType = sourcecode.c.h; name = "NSRegularExpression+ICSRegEx.h"; path = "../../Source/Utilities/NSRegularExpression+ICSRegEx.h"; sourceTree = "<group>"; };
		82B52A051BF0C1C000889990 /* NSRegularExpression+ICSRegEx.m */ = {isa = PBXFileReference; fileEncoding = 4; lastKnownFileType = sourcecode.c.objc; name = "NSRegularExpression+ICSRegEx.m"; path = "../../Source/Utilities/NSRegularExpression+ICSRegEx.m"; sourceTree = "<group>"; };
		82B52A061BF0C1C000889990 /* UIColor+ICSRGB.h */ = {isa = PBXFileReference; fileEncoding = 4; lastKnownFileType = sourcecode.c.h; name = "UIColor+ICSRGB.h"; path = "../../Source/Utilities/UIColor+ICSRGB.h"; sourceTree = "<group>"; };
		82B52A071BF0C1C000889990 /* UIColor+ICSRGB.m */ = {isa = PBXFileReference; fileEncoding = 4; lastKnownFileType = sourcecode.c.objc; name = "UIColor+ICSRGB.m"; path = "../../Source/Utilities/UIColor+ICSRGB.m"; sourceTree = "<group>"; };
		82B52A891BF0C1FD00889990 /* _DDDecimalFunctions.h */ = {isa = PBXFileReference; fileEncoding = 4; lastKnownFileType = sourcecode.c.h; path = _DDDecimalFunctions.h; sourceTree = "<group>"; };
		82B52A8A1BF0C1FD00889990 /* _DDDecimalFunctions.m */ = {isa = PBXFileReference; fileEncoding = 4; lastKnownFileType = sourcecode.c.objc; path = _DDDecimalFunctions.m; sourceTree = "<group>"; };
		82B52A8B1BF0C1FD00889990 /* _DDFunctionEvaluator.h */ = {isa = PBXFileReference; fileEncoding = 4; lastKnownFileType = sourcecode.c.h; path = _DDFunctionEvaluator.h; sourceTree = "<group>"; };
		82B52A8C1BF0C1FD00889990 /* _DDFunctionEvaluator.m */ = {isa = PBXFileReference; fileEncoding = 4; lastKnownFileType = sourcecode.c.objc; path = _DDFunctionEvaluator.m; sourceTree = "<group>"; };
		82B52A8D1BF0C1FD00889990 /* _DDFunctionExpression.h */ = {isa = PBXFileReference; fileEncoding = 4; lastKnownFileType = sourcecode.c.h; path = _DDFunctionExpression.h; sourceTree = "<group>"; };
		82B52A8E1BF0C1FD00889990 /* _DDFunctionExpression.m */ = {isa = PBXFileReference; fileEncoding = 4; lastKnownFileType = sourcecode.c.objc; path = _DDFunctionExpression.m; sourceTree = "<group>"; };
		82B52A8F1BF0C1FD00889990 /* _DDFunctionTerm.h */ = {isa = PBXFileReference; fileEncoding = 4; lastKnownFileType = sourcecode.c.h; path = _DDFunctionTerm.h; sourceTree = "<group>"; };
		82B52A901BF0C1FD00889990 /* _DDFunctionTerm.m */ = {isa = PBXFileReference; fileEncoding = 4; lastKnownFileType = sourcecode.c.objc; path = _DDFunctionTerm.m; sourceTree = "<group>"; };
		82B52A911BF0C1FD00889990 /* _DDGroupTerm.h */ = {isa = PBXFileReference; fileEncoding = 4; lastKnownFileType = sourcecode.c.h; path = _DDGroupTerm.h; sourceTree = "<group>"; };
		82B52A921BF0C1FD00889990 /* _DDGroupTerm.m */ = {isa = PBXFileReference; fileEncoding = 4; lastKnownFileType = sourcecode.c.objc; path = _DDGroupTerm.m; sourceTree = "<group>"; };
		82B52A931BF0C1FD00889990 /* _DDNumberExpression.h */ = {isa = PBXFileReference; fileEncoding = 4; lastKnownFileType = sourcecode.c.h; path = _DDNumberExpression.h; sourceTree = "<group>"; };
		82B52A941BF0C1FD00889990 /* _DDNumberExpression.m */ = {isa = PBXFileReference; fileEncoding = 4; lastKnownFileType = sourcecode.c.objc; path = _DDNumberExpression.m; sourceTree = "<group>"; };
		82B52A951BF0C1FD00889990 /* _DDNumberTerm.h */ = {isa = PBXFileReference; fileEncoding = 4; lastKnownFileType = sourcecode.c.h; path = _DDNumberTerm.h; sourceTree = "<group>"; };
		82B52A961BF0C1FD00889990 /* _DDNumberTerm.m */ = {isa = PBXFileReference; fileEncoding = 4; lastKnownFileType = sourcecode.c.objc; path = _DDNumberTerm.m; sourceTree = "<group>"; };
		82B52A971BF0C1FD00889990 /* _DDOperatorTerm.h */ = {isa = PBXFileReference; fileEncoding = 4; lastKnownFileType = sourcecode.c.h; path = _DDOperatorTerm.h; sourceTree = "<group>"; };
		82B52A981BF0C1FD00889990 /* _DDOperatorTerm.m */ = {isa = PBXFileReference; fileEncoding = 4; lastKnownFileType = sourcecode.c.objc; path = _DDOperatorTerm.m; sourceTree = "<group>"; };
		82B52A991BF0C1FD00889990 /* _DDParserTerm.h */ = {isa = PBXFileReference; fileEncoding = 4; lastKnownFileType = sourcecode.c.h; path = _DDParserTerm.h; sourceTree = "<group>"; };
		82B52A9A1BF0C1FD00889990 /* _DDParserTerm.m */ = {isa = PBXFileReference; fileEncoding = 4; lastKnownFileType = sourcecode.c.objc; path = _DDParserTerm.m; sourceTree = "<group>"; };
		82B52A9B1BF0C1FD00889990 /* _DDPrecisionFunctionEvaluator.h */ = {isa = PBXFileReference; fileEncoding = 4; lastKnownFileType = sourcecode.c.h; path = _DDPrecisionFunctionEvaluator.h; sourceTree = "<group>"; };
		82B52A9C1BF0C1FD00889990 /* _DDPrecisionFunctionEvaluator.m */ = {isa = PBXFileReference; fileEncoding = 4; lastKnownFileType = sourcecode.c.objc; path = _DDPrecisionFunctionEvaluator.m; sourceTree = "<group>"; };
		82B52A9D1BF0C1FD00889990 /* _DDRewriteRule.h */ = {isa = PBXFileReference; fileEncoding = 4; lastKnownFileType = sourcecode.c.h; path = _DDRewriteRule.h; sourceTree = "<group>"; };
		82B52A9E1BF0C1FD00889990 /* _DDRewriteRule.m */ = {isa = PBXFileReference; fileEncoding = 4; lastKnownFileType = sourcecode.c.objc; path = _DDRewriteRule.m; sourceTree = "<group>"; };
		82B52A9F1BF0C1FD00889990 /* _DDVariableExpression.h */ = {isa = PBXFileReference; fileEncoding = 4; lastKnownFileType = sourcecode.c.h; path = _DDVariableExpression.h; sourceTree = "<group>"; };
		82B52AA01BF0C1FD00889990 /* _DDVariableExpression.m */ = {isa = PBXFileReference; fileEncoding = 4; lastKnownFileType = sourcecode.c.objc; path = _DDVariableExpression.m; sourceTree = "<group>"; };
		82B52AA11BF0C1FD00889990 /* _DDVariableTerm.h */ = {isa = PBXFileReference; fileEncoding = 4; lastKnownFileType = sourcecode.c.h; path = _DDVariableTerm.h; sourceTree = "<group>"; };
		82B52AA21BF0C1FD00889990 /* _DDVariableTerm.m */ = {isa = PBXFileReference; fileEncoding = 4; lastKnownFileType = sourcecode.c.objc; path = _DDVariableTerm.m; sourceTree = "<group>"; };
		82B52AA31BF0C1FD00889990 /* DDExpression.h */ = {isa = PBXFileReference; fileEncoding = 4; lastKnownFileType = sourcecode.c.h; path = DDExpression.h; sourceTree = "<group>"; };
		82B52AA41BF0C1FD00889990 /* DDExpression.m */ = {isa = PBXFileReference; fileEncoding = 4; lastKnownFileType = sourcecode.c.objc; path = DDExpression.m; sourceTree = "<group>"; };
		82B52AA51BF0C1FD00889990 /* DDExpressionRewriter.h */ = {isa = PBXFileReference; fileEncoding = 4; lastKnownFileType = sourcecode.c.h; path = DDExpressionRewriter.h; sourceTree = "<group>"; };
		82B52AA61BF0C1FD00889990 /* DDExpressionRewriter.m */ = {isa = PBXFileReference; fileEncoding = 4; lastKnownFileType = sourcecode.c.objc; path = DDExpressionRewriter.m; sourceTree = "<group>"; };
		82B52AA71BF0C1FD00889990 /* DDMathEvaluator+Private.h */ = {isa = PBXFileReference; fileEncoding = 4; lastKnownFileType = sourcecode.c.h; path = "DDMathEvaluator+Private.h"; sourceTree = "<group>"; };
		82B52AA81BF0C1FD00889990 /* DDMathEvaluator.h */ = {isa = PBXFileReference; fileEncoding = 4; lastKnownFileType = sourcecode.c.h; path = DDMathEvaluator.h; sourceTree = "<group>"; };
		82B52AA91BF0C1FD00889990 /* DDMathEvaluator.m */ = {isa = PBXFileReference; fileEncoding = 4; lastKnownFileType = sourcecode.c.objc; path = DDMathEvaluator.m; sourceTree = "<group>"; };
		82B52AAA1BF0C1FD00889990 /* DDMathOperator.h */ = {isa = PBXFileReference; fileEncoding = 4; lastKnownFileType = sourcecode.c.h; path = DDMathOperator.h; sourceTree = "<group>"; };
		82B52AAB1BF0C1FD00889990 /* DDMathOperator.m */ = {isa = PBXFileReference; fileEncoding = 4; lastKnownFileType = sourcecode.c.objc; path = DDMathOperator.m; sourceTree = "<group>"; };
		82B52AAC1BF0C1FD00889990 /* DDMathOperator_Internal.h */ = {isa = PBXFileReference; fileEncoding = 4; lastKnownFileType = sourcecode.c.h; path = DDMathOperator_Internal.h; sourceTree = "<group>"; };
		82B52AAD1BF0C1FD00889990 /* DDMathParser.h */ = {isa = PBXFileReference; fileEncoding = 4; lastKnownFileType = sourcecode.c.h; path = DDMathParser.h; sourceTree = "<group>"; };
		82B52AAE1BF0C1FD00889990 /* DDMathParserMacros.h */ = {isa = PBXFileReference; fileEncoding = 4; lastKnownFileType = sourcecode.c.h; path = DDMathParserMacros.h; sourceTree = "<group>"; };
		82B52AAF1BF0C1FD00889990 /* DDMathStringToken.h */ = {isa = PBXFileReference; fileEncoding = 4; lastKnownFileType = sourcecode.c.h; path = DDMathStringToken.h; sourceTree = "<group>"; };
		82B52AB01BF0C1FD00889990 /* DDMathStringToken.m */ = {isa = PBXFileReference; fileEncoding = 4; lastKnownFileType = sourcecode.c.objc; path = DDMathStringToken.m; sourceTree = "<group>"; };
		82B52AB11BF0C1FD00889990 /* DDMathStringTokenizer.h */ = {isa = PBXFileReference; fileEncoding = 4; lastKnownFileType = sourcecode.c.h; path = DDMathStringTokenizer.h; sourceTree = "<group>"; };
		82B52AB21BF0C1FD00889990 /* DDMathStringTokenizer.m */ = {isa = PBXFileReference; fileEncoding = 4; lastKnownFileType = sourcecode.c.objc; path = DDMathStringTokenizer.m; sourceTree = "<group>"; };
		82B52AB31BF0C1FD00889990 /* DDParser.h */ = {isa = PBXFileReference; fileEncoding = 4; lastKnownFileType = sourcecode.c.h; path = DDParser.h; sourceTree = "<group>"; };
		82B52AB41BF0C1FD00889990 /* DDParser.m */ = {isa = PBXFileReference; fileEncoding = 4; lastKnownFileType = sourcecode.c.objc; path = DDParser.m; sourceTree = "<group>"; };
		82B52AB51BF0C1FD00889990 /* DDParserTypes.h */ = {isa = PBXFileReference; fileEncoding = 4; lastKnownFileType = sourcecode.c.h; path = DDParserTypes.h; sourceTree = "<group>"; };
		82B52AB61BF0C1FD00889990 /* DDParserTypes.m */ = {isa = PBXFileReference; fileEncoding = 4; lastKnownFileType = sourcecode.c.objc; path = DDParserTypes.m; sourceTree = "<group>"; };
		82B52AB71BF0C1FD00889990 /* DDTypes.h */ = {isa = PBXFileReference; fileEncoding = 4; lastKnownFileType = sourcecode.c.h; path = DDTypes.h; sourceTree = "<group>"; };
		82B52AB81BF0C1FD00889990 /* DDTypes.m */ = {isa = PBXFileReference; fileEncoding = 4; lastKnownFileType = sourcecode.c.objc; path = DDTypes.m; sourceTree = "<group>"; };
		82B52AB91BF0C1FD00889990 /* NSString+DDMathParsing.h */ = {isa = PBXFileReference; fileEncoding = 4; lastKnownFileType = sourcecode.c.h; path = "NSString+DDMathParsing.h"; sourceTree = "<group>"; };
		82B52ABA1BF0C1FD00889990 /* NSString+DDMathParsing.m */ = {isa = PBXFileReference; fileEncoding = 4; lastKnownFileType = sourcecode.c.objc; path = "NSString+DDMathParsing.m"; sourceTree = "<group>"; };
/* End PBXFileReference section */

/* Begin PBXFrameworksBuildPhase section */
		82B529C91BF0C02B00889990 /* Frameworks */ = {
			isa = PBXFrameworksBuildPhase;
			buildActionMask = 2147483647;
			files = (
			);
			runOnlyForDeploymentPostprocessing = 0;
		};
/* End PBXFrameworksBuildPhase section */

/* Begin PBXGroup section */
		82B529C31BF0C02B00889990 = {
			isa = PBXGroup;
			children = (
				82B529CE1BF0C02B00889990 /* ICSStyleManagerExample */,
				82B529FE1BF0C19900889990 /* ICSStyleManager */,
				82B529CD1BF0C02B00889990 /* Products */,
			);
			sourceTree = "<group>";
		};
		82B529CD1BF0C02B00889990 /* Products */ = {
			isa = PBXGroup;
			children = (
				82B529CC1BF0C02B00889990 /* ICSStyleManagerExample.app */,
			);
			name = Products;
			sourceTree = "<group>";
		};
		82B529CE1BF0C02B00889990 /* ICSStyleManagerExample */ = {
			isa = PBXGroup;
			children = (
				82B529DB1BF0C02B00889990 /* Assets.xcassets */,
				82B529E61BF0C09A00889990 /* ICSSMExampleAppDelegate.h */,
				82B529E71BF0C09A00889990 /* ICSSMExampleAppDelegate.m */,
				82B529FB1BF0C11A00889990 /* Main View Controller */,
				82B529FD1BF0C14700889990 /* Styles */,
				82B529CF1BF0C02B00889990 /* Supporting Files */,
			);
			path = ICSStyleManagerExample;
			sourceTree = "<group>";
		};
		82B529CF1BF0C02B00889990 /* Supporting Files */ = {
			isa = PBXGroup;
			children = (
				82B529F51BF0C0E700889990 /* ABOUT EXAMPLE IMAGES.txt */,
				82B529E01BF0C02B00889990 /* Info.plist */,
				82B529DD1BF0C02B00889990 /* LaunchScreen.storyboard */,
				82B529D01BF0C02B00889990 /* main.m */,
			);
			name = "Supporting Files";
			sourceTree = "<group>";
		};
		82B529FB1BF0C11A00889990 /* Main View Controller */ = {
			isa = PBXGroup;
			children = (
				82B529EE1BF0C09A00889990 /* ICSSMExampleViewController.h */,
				82B529EF1BF0C09A00889990 /* ICSSMExampleViewController.m */,
				82B529FC1BF0C13100889990 /* Cells */,
			);
			name = "Main View Controller";
			sourceTree = "<group>";
		};
		82B529FC1BF0C13100889990 /* Cells */ = {
			isa = PBXGroup;
			children = (
				82B529EC1BF0C09A00889990 /* ICSSMExampleViewCell.h */,
				82B529ED1BF0C09A00889990 /* ICSSMExampleViewCell.m */,
				82B529E81BF0C09A00889990 /* ICSSMExampleImageCell.h */,
				82B529E91BF0C09A00889990 /* ICSSMExampleImageCell.m */,
				82B529EA1BF0C09A00889990 /* ICSSMExampleResizableImageCell.h */,
				82B529EB1BF0C09A00889990 /* ICSSMExampleResizableImageCell.m */,
			);
			name = Cells;
			sourceTree = "<group>";
		};
		82B529FD1BF0C14700889990 /* Styles */ = {
			isa = PBXGroup;
			children = (
				82B529F61BF0C0E700889990 /* Example.style */,
				82B529F71BF0C0E700889990 /* Override-Example.style */,
			);
			name = Styles;
			sourceTree = "<group>";
		};
		82B529FE1BF0C19900889990 /* ICSStyleManager */ = {
			isa = PBXGroup;
			children = (
				82B529FF1BF0C1AD00889990 /* ICSStyleManager.h */,
				82B52A001BF0C1AD00889990 /* ICSStyleManager.m */,
				82B52A0A1BF0C1C500889990 /* Utilities */,
				82B52A881BF0C1FD00889990 /* DDMathParser */,
			);
			name = ICSStyleManager;
			path = ICSStyleManagerExample;
			sourceTree = "<group>";
		};
		82B52A0A1BF0C1C500889990 /* Utilities */ = {
			isa = PBXGroup;
			children = (
				82B52A041BF0C1C000889990 /* NSRegularExpression+ICSRegEx.h */,
				82B52A051BF0C1C000889990 /* NSRegularExpression+ICSRegEx.m */,
				82B52A061BF0C1C000889990 /* UIColor+ICSRGB.h */,
				82B52A071BF0C1C000889990 /* UIColor+ICSRGB.m */,
			);
			name = Utilities;
			sourceTree = "<group>";
		};
		82B52A881BF0C1FD00889990 /* DDMathParser */ = {
			isa = PBXGroup;
			children = (
				82B52A891BF0C1FD00889990 /* _DDDecimalFunctions.h */,
				82B52A8A1BF0C1FD00889990 /* _DDDecimalFunctions.m */,
				82B52A8B1BF0C1FD00889990 /* _DDFunctionEvaluator.h */,
				82B52A8C1BF0C1FD00889990 /* _DDFunctionEvaluator.m */,
				82B52A8D1BF0C1FD00889990 /* _DDFunctionExpression.h */,
				82B52A8E1BF0C1FD00889990 /* _DDFunctionExpression.m */,
				82B52A8F1BF0C1FD00889990 /* _DDFunctionTerm.h */,
				82B52A901BF0C1FD00889990 /* _DDFunctionTerm.m */,
				82B52A911BF0C1FD00889990 /* _DDGroupTerm.h */,
				82B52A921BF0C1FD00889990 /* _DDGroupTerm.m */,
				82B52A931BF0C1FD00889990 /* _DDNumberExpression.h */,
				82B52A941BF0C1FD00889990 /* _DDNumberExpression.m */,
				82B52A951BF0C1FD00889990 /* _DDNumberTerm.h */,
				82B52A961BF0C1FD00889990 /* _DDNumberTerm.m */,
				82B52A971BF0C1FD00889990 /* _DDOperatorTerm.h */,
				82B52A981BF0C1FD00889990 /* _DDOperatorTerm.m */,
				82B52A991BF0C1FD00889990 /* _DDParserTerm.h */,
				82B52A9A1BF0C1FD00889990 /* _DDParserTerm.m */,
				82B52A9B1BF0C1FD00889990 /* _DDPrecisionFunctionEvaluator.h */,
				82B52A9C1BF0C1FD00889990 /* _DDPrecisionFunctionEvaluator.m */,
				82B52A9D1BF0C1FD00889990 /* _DDRewriteRule.h */,
				82B52A9E1BF0C1FD00889990 /* _DDRewriteRule.m */,
				82B52A9F1BF0C1FD00889990 /* _DDVariableExpression.h */,
				82B52AA01BF0C1FD00889990 /* _DDVariableExpression.m */,
				82B52AA11BF0C1FD00889990 /* _DDVariableTerm.h */,
				82B52AA21BF0C1FD00889990 /* _DDVariableTerm.m */,
				82B52AA31BF0C1FD00889990 /* DDExpression.h */,
				82B52AA41BF0C1FD00889990 /* DDExpression.m */,
				82B52AA51BF0C1FD00889990 /* DDExpressionRewriter.h */,
				82B52AA61BF0C1FD00889990 /* DDExpressionRewriter.m */,
				82B52AA71BF0C1FD00889990 /* DDMathEvaluator+Private.h */,
				82B52AA81BF0C1FD00889990 /* DDMathEvaluator.h */,
				82B52AA91BF0C1FD00889990 /* DDMathEvaluator.m */,
				82B52AAA1BF0C1FD00889990 /* DDMathOperator.h */,
				82B52AAB1BF0C1FD00889990 /* DDMathOperator.m */,
				82B52AAC1BF0C1FD00889990 /* DDMathOperator_Internal.h */,
				82B52AAD1BF0C1FD00889990 /* DDMathParser.h */,
				82B52AAE1BF0C1FD00889990 /* DDMathParserMacros.h */,
				82B52AAF1BF0C1FD00889990 /* DDMathStringToken.h */,
				82B52AB01BF0C1FD00889990 /* DDMathStringToken.m */,
				82B52AB11BF0C1FD00889990 /* DDMathStringTokenizer.h */,
				82B52AB21BF0C1FD00889990 /* DDMathStringTokenizer.m */,
				82B52AB31BF0C1FD00889990 /* DDParser.h */,
				82B52AB41BF0C1FD00889990 /* DDParser.m */,
				82B52AB51BF0C1FD00889990 /* DDParserTypes.h */,
				82B52AB61BF0C1FD00889990 /* DDParserTypes.m */,
				82B52AB71BF0C1FD00889990 /* DDTypes.h */,
				82B52AB81BF0C1FD00889990 /* DDTypes.m */,
				82B52AB91BF0C1FD00889990 /* NSString+DDMathParsing.h */,
				82B52ABA1BF0C1FD00889990 /* NSString+DDMathParsing.m */,
			);
			name = DDMathParser;
			path = ../../Source/Libraries/DDMathParser/DDMathParser;
			sourceTree = "<group>";
		};
/* End PBXGroup section */

/* Begin PBXNativeTarget section */
		82B529CB1BF0C02B00889990 /* ICSStyleManagerExample */ = {
			isa = PBXNativeTarget;
			buildConfigurationList = 82B529E31BF0C02B00889990 /* Build configuration list for PBXNativeTarget "ICSStyleManagerExample" */;
			buildPhases = (
				82B529C81BF0C02B00889990 /* Sources */,
				82B529C91BF0C02B00889990 /* Frameworks */,
				82B529CA1BF0C02B00889990 /* Resources */,
			);
			buildRules = (
			);
			dependencies = (
			);
			name = ICSStyleManagerExample;
			productName = ICSStyleManagerExample;
			productReference = 82B529CC1BF0C02B00889990 /* ICSStyleManagerExample.app */;
			productType = "com.apple.product-type.application";
		};
/* End PBXNativeTarget section */

/* Begin PBXProject section */
		82B529C41BF0C02B00889990 /* Project object */ = {
			isa = PBXProject;
			attributes = {
				LastUpgradeCheck = 0710;
				ORGANIZATIONNAME = "Ludovico Rossi";
				TargetAttributes = {
					82B529CB1BF0C02B00889990 = {
						CreatedOnToolsVersion = 7.1;
					};
				};
			};
			buildConfigurationList = 82B529C71BF0C02B00889990 /* Build configuration list for PBXProject "ICSStyleManagerExample" */;
			compatibilityVersion = "Xcode 3.2";
			developmentRegion = English;
			hasScannedForEncodings = 0;
			knownRegions = (
				en,
				Base,
			);
			mainGroup = 82B529C31BF0C02B00889990;
			productRefGroup = 82B529CD1BF0C02B00889990 /* Products */;
			projectDirPath = "";
			projectRoot = "";
			targets = (
				82B529CB1BF0C02B00889990 /* ICSStyleManagerExample */,
			);
		};
/* End PBXProject section */

/* Begin PBXResourcesBuildPhase section */
		82B529CA1BF0C02B00889990 /* Resources */ = {
			isa = PBXResourcesBuildPhase;
			buildActionMask = 2147483647;
			files = (
				82B529F91BF0C0E700889990 /* Example.style in Resources */,
				82B529DF1BF0C02B00889990 /* LaunchScreen.storyboard in Resources */,
				82B529FA1BF0C0E700889990 /* Override-Example.style in Resources */,
				82B529DC1BF0C02B00889990 /* Assets.xcassets in Resources */,
				82B529F81BF0C0E700889990 /* ABOUT EXAMPLE IMAGES.txt in Resources */,
			);
			runOnlyForDeploymentPostprocessing = 0;
		};
/* End PBXResourcesBuildPhase section */

/* Begin PBXSourcesBuildPhase section */
		82B529C81BF0C02B00889990 /* Sources */ = {
			isa = PBXSourcesBuildPhase;
			buildActionMask = 2147483647;
			files = (
				82B529F21BF0C09A00889990 /* ICSSMExampleResizableImageCell.m in Sources */,
				82B52A091BF0C1C000889990 /* UIColor+ICSRGB.m in Sources */,
				82B52AC31BF0C1FD00889990 /* _DDParserTerm.m in Sources */,
				82B52AC11BF0C1FD00889990 /* _DDNumberTerm.m in Sources */,
				82B52AC51BF0C1FD00889990 /* _DDRewriteRule.m in Sources */,
				82B52AD01BF0C1FD00889990 /* DDTypes.m in Sources */,
				82B52A081BF0C1C000889990 /* NSRegularExpression+ICSRegEx.m in Sources */,
				82B52AC81BF0C1FD00889990 /* DDExpression.m in Sources */,
				82B52ACC1BF0C1FD00889990 /* DDMathStringToken.m in Sources */,
				82B52ABB1BF0C1FD00889990 /* _DDDecimalFunctions.m in Sources */,
				82B52AC41BF0C1FD00889990 /* _DDPrecisionFunctionEvaluator.m in Sources */,
				82B52ACD1BF0C1FD00889990 /* DDMathStringTokenizer.m in Sources */,
				82B529D11BF0C02B00889990 /* main.m in Sources */,
				82B52ABC1BF0C1FD00889990 /* _DDFunctionEvaluator.m in Sources */,
				82B52AC01BF0C1FD00889990 /* _DDNumberExpression.m in Sources */,
				82B52ABE1BF0C1FD00889990 /* _DDFunctionTerm.m in Sources */,
				82B529F31BF0C09A00889990 /* ICSSMExampleViewCell.m in Sources */,
				82B52ABD1BF0C1FD00889990 /* _DDFunctionExpression.m in Sources */,
				82B529F41BF0C09A00889990 /* ICSSMExampleViewController.m in Sources */,
				82B52ACA1BF0C1FD00889990 /* DDMathEvaluator.m in Sources */,
				82B52AC61BF0C1FD00889990 /* _DDVariableExpression.m in Sources */,
				82B529F11BF0C09A00889990 /* ICSSMExampleImageCell.m in Sources */,
				82B529F01BF0C09A00889990 /* ICSSMExampleAppDelegate.m in Sources */,
				82B52A011BF0C1AD00889990 /* ICSStyleManager.m in Sources */,
				82B52AC71BF0C1FD00889990 /* _DDVariableTerm.m in Sources */,
				82B52AC91BF0C1FD00889990 /* DDExpressionRewriter.m in Sources */,
				82B52ACB1BF0C1FD00889990 /* DDMathOperator.m in Sources */,
				82B52ABF1BF0C1FD00889990 /* _DDGroupTerm.m in Sources */,
				82B52AD11BF0C1FD00889990 /* NSString+DDMathParsing.m in Sources */,
				82B52ACE1BF0C1FD00889990 /* DDParser.m in Sources */,
				82B52ACF1BF0C1FD00889990 /* DDParserTypes.m in Sources */,
				82B52AC21BF0C1FD00889990 /* _DDOperatorTerm.m in Sources */,
			);
			runOnlyForDeploymentPostprocessing = 0;
		};
/* End PBXSourcesBuildPhase section */

/* Begin PBXVariantGroup section */
		82B529DD1BF0C02B00889990 /* LaunchScreen.storyboard */ = {
			isa = PBXVariantGroup;
			children = (
				82B529DE1BF0C02B00889990 /* Base */,
			);
			name = LaunchScreen.storyboard;
			sourceTree = "<group>";
		};
/* End PBXVariantGroup section */

/* Begin XCBuildConfiguration section */
		82B529E11BF0C02B00889990 /* Debug */ = {
			isa = XCBuildConfiguration;
			buildSettings = {
				ALWAYS_SEARCH_USER_PATHS = NO;
				CLANG_CXX_LANGUAGE_STANDARD = "gnu++0x";
				CLANG_CXX_LIBRARY = "libc++";
				CLANG_ENABLE_MODULES = YES;
				CLANG_ENABLE_OBJC_ARC = YES;
				CLANG_WARN_BOOL_CONVERSION = YES;
				CLANG_WARN_CONSTANT_CONVERSION = YES;
				CLANG_WARN_DIRECT_OBJC_ISA_USAGE = YES_ERROR;
				CLANG_WARN_EMPTY_BODY = YES;
				CLANG_WARN_ENUM_CONVERSION = YES;
				CLANG_WARN_INT_CONVERSION = YES;
				CLANG_WARN_OBJC_ROOT_CLASS = YES_ERROR;
				CLANG_WARN_UNREACHABLE_CODE = YES;
				CLANG_WARN__DUPLICATE_METHOD_MATCH = YES;
				"CODE_SIGN_IDENTITY[sdk=iphoneos*]" = "iPhone Developer";
				COPY_PHASE_STRIP = NO;
				DEBUG_INFORMATION_FORMAT = dwarf;
				ENABLE_STRICT_OBJC_MSGSEND = YES;
				ENABLE_TESTABILITY = YES;
				GCC_C_LANGUAGE_STANDARD = gnu99;
				GCC_DYNAMIC_NO_PIC = NO;
				GCC_NO_COMMON_BLOCKS = YES;
				GCC_OPTIMIZATION_LEVEL = 0;
				GCC_PREPROCESSOR_DEFINITIONS = (
					"DEBUG=1",
					"$(inherited)",
				);
				GCC_WARN_64_TO_32_BIT_CONVERSION = YES;
				GCC_WARN_ABOUT_RETURN_TYPE = YES_ERROR;
				GCC_WARN_UNDECLARED_SELECTOR = YES;
				GCC_WARN_UNINITIALIZED_AUTOS = YES_AGGRESSIVE;
				GCC_WARN_UNUSED_FUNCTION = YES;
				GCC_WARN_UNUSED_VARIABLE = YES;
				IPHONEOS_DEPLOYMENT_TARGET = 9.1;
				MTL_ENABLE_DEBUG_INFO = YES;
				ONLY_ACTIVE_ARCH = YES;
				SDKROOT = iphoneos;
				TARGETED_DEVICE_FAMILY = "1,2";
			};
			name = Debug;
		};
		82B529E21BF0C02B00889990 /* Release */ = {
			isa = XCBuildConfiguration;
			buildSettings = {
				ALWAYS_SEARCH_USER_PATHS = NO;
				CLANG_CXX_LANGUAGE_STANDARD = "gnu++0x";
				CLANG_CXX_LIBRARY = "libc++";
				CLANG_ENABLE_MODULES = YES;
				CLANG_ENABLE_OBJC_ARC = YES;
				CLANG_WARN_BOOL_CONVERSION = YES;
				CLANG_WARN_CONSTANT_CONVERSION = YES;
				CLANG_WARN_DIRECT_OBJC_ISA_USAGE = YES_ERROR;
				CLANG_WARN_EMPTY_BODY = YES;
				CLANG_WARN_ENUM_CONVERSION = YES;
				CLANG_WARN_INT_CONVERSION = YES;
				CLANG_WARN_OBJC_ROOT_CLASS = YES_ERROR;
				CLANG_WARN_UNREACHABLE_CODE = YES;
				CLANG_WARN__DUPLICATE_METHOD_MATCH = YES;
				"CODE_SIGN_IDENTITY[sdk=iphoneos*]" = "iPhone Developer";
				COPY_PHASE_STRIP = NO;
				DEBUG_INFORMATION_FORMAT = "dwarf-with-dsym";
				ENABLE_NS_ASSERTIONS = NO;
				ENABLE_STRICT_OBJC_MSGSEND = YES;
				GCC_C_LANGUAGE_STANDARD = gnu99;
				GCC_NO_COMMON_BLOCKS = YES;
				GCC_WARN_64_TO_32_BIT_CONVERSION = YES;
				GCC_WARN_ABOUT_RETURN_TYPE = YES_ERROR;
				GCC_WARN_UNDECLARED_SELECTOR = YES;
				GCC_WARN_UNINITIALIZED_AUTOS = YES_AGGRESSIVE;
				GCC_WARN_UNUSED_FUNCTION = YES;
				GCC_WARN_UNUSED_VARIABLE = YES;
				IPHONEOS_DEPLOYMENT_TARGET = 9.1;
				MTL_ENABLE_DEBUG_INFO = NO;
				SDKROOT = iphoneos;
				TARGETED_DEVICE_FAMILY = "1,2";
				VALIDATE_PRODUCT = YES;
			};
			name = Release;
		};
		82B529E41BF0C02B00889990 /* Debug */ = {
			isa = XCBuildConfiguration;
			buildSettings = {
				ASSETCATALOG_COMPILER_APPICON_NAME = AppIcon;
				INFOPLIST_FILE = ICSStyleManagerExample/Info.plist;
				LD_RUNPATH_SEARCH_PATHS = "$(inherited) @executable_path/Frameworks";
				PRODUCT_BUNDLE_IDENTIFIER = com.icecreamstudios.ICSStyleManagerExample;
				PRODUCT_NAME = "$(TARGET_NAME)";
			};
			name = Debug;
		};
		82B529E51BF0C02B00889990 /* Release */ = {
			isa = XCBuildConfiguration;
			buildSettings = {
				ASSETCATALOG_COMPILER_APPICON_NAME = AppIcon;
				INFOPLIST_FILE = ICSStyleManagerExample/Info.plist;
				LD_RUNPATH_SEARCH_PATHS = "$(inherited) @executable_path/Frameworks";
				PRODUCT_BUNDLE_IDENTIFIER = com.icecreamstudios.ICSStyleManagerExample;
				PRODUCT_NAME = "$(TARGET_NAME)";
			};
			name = Release;
		};
/* End XCBuildConfiguration section */

/* Begin XCConfigurationList section */
		82B529C71BF0C02B00889990 /* Build configuration list for PBXProject "ICSStyleManagerExample" */ = {
			isa = XCConfigurationList;
			buildConfigurations = (
				82B529E11BF0C02B00889990 /* Debug */,
				82B529E21BF0C02B00889990 /* Release */,
			);
			defaultConfigurationIsVisible = 0;
			defaultConfigurationName = Release;
		};
		82B529E31BF0C02B00889990 /* Build configuration list for PBXNativeTarget "ICSStyleManagerExample" */ = {
			isa = XCConfigurationList;
			buildConfigurations = (
				82B529E41BF0C02B00889990 /* Debug */,
				82B529E51BF0C02B00889990 /* Release */,
			);
			defaultConfigurationIsVisible = 0;
			defaultConfigurationName = Release;
		};
/* End XCConfigurationList section */
	};
	rootObject = 82B529C41BF0C02B00889990 /* Project object */;
}
